<?xml version="1.0" encoding="utf-8"?>
<Project ToolsVersion="4.0" xmlns="http://schemas.microsoft.com/developer/msbuild/2003">
  <ItemGroup>
    <Filter Include="Source Files">
      <UniqueIdentifier>{4FC737F1-C7A5-4376-A066-2A32D752A2FF}</UniqueIdentifier>
      <Extensions>cpp;c;cc;cxx;def;odl;idl;hpj;bat;asm;asmx</Extensions>
    </Filter>
    <Filter Include="Header Files">
      <UniqueIdentifier>{93995380-89BD-4b04-88EB-625FBE52EBFB}</UniqueIdentifier>
      <Extensions>h;hh;hpp;hxx;hm;inl;inc;xsd</Extensions>
    </Filter>
    <Filter Include="Resource Files">
      <UniqueIdentifier>{67DA6AB6-F800-4c08-8B7A-83BB121AAD01}</UniqueIdentifier>
      <Extensions>rc;ico;cur;bmp;dlg;rc2;rct;bin;rgs;gif;jpg;jpeg;jpe;resx;tiff;tif;png;wav;mfcribbon-ms</Extensions>
    </Filter>
  </ItemGroup>
  <ItemGroup>
    <Library Include="..\x86\lib\DevIL.lib" />
    <Library Include="..\x86\lib\ILU.lib" />
    <Library Include="..\x86\lib\ILUT.lib" />
    <Library Include="..\..\cuda\toolkit\lib\Win32\cublas.lib" />
    <Library Include="..\..\cuda\toolkit\lib\Win32\cublas_device.lib" />
    <Library Include="..\..\cuda\toolkit\lib\Win32\cuda.lib" />
    <Library Include="..\..\cuda\toolkit\lib\Win32\cudadevrt.lib" />
    <Library Include="..\..\cuda\toolkit\lib\Win32\cudart.lib" />
    <Library Include="..\..\cuda\toolkit\lib\Win32\cudart_static.lib" />
    <Library Include="..\..\cuda\toolkit\lib\Win32\cufft.lib" />
    <Library Include="..\..\cuda\toolkit\lib\Win32\cufftw.lib" />
    <Library Include="..\..\cuda\toolkit\lib\Win32\curand.lib" />
    <Library Include="..\..\cuda\toolkit\lib\Win32\cusparse.lib" />
    <Library Include="..\..\cuda\toolkit\lib\Win32\nppc.lib" />
    <Library Include="..\..\cuda\toolkit\lib\Win32\nppi.lib" />
    <Library Include="..\..\cuda\toolkit\lib\Win32\npps.lib" />
    <Library Include="..\..\cuda\toolkit\lib\Win32\nvcuvenc.lib" />
    <Library Include="..\..\cuda\toolkit\lib\Win32\nvcuvid.lib" />
    <Library Include="..\..\cuda\toolkit\lib\Win32\OpenCL.lib" />
  </ItemGroup>
  <ItemGroup>
    <ClCompile Include="main.cpp">
      <Filter>Source Files</Filter>
    </ClCompile>
    <ClCompile Include="utilities.cpp">
      <Filter>Source Files</Filter>
    </ClCompile>
    <ClCompile Include="cpu_filter.cpp">
      <Filter>Source Files</Filter>
    </ClCompile>
    <ClCompile Include="common.cpp">
      <Filter>Source Files</Filter>
    </ClCompile>
  </ItemGroup>
  <ItemGroup>
    <ClInclude Include="utilities.h">
      <Filter>Header Files</Filter>
    </ClInclude>
    <ClInclude Include="common.h">
      <Filter>Header Files</Filter>
    </ClInclude>
    <ClInclude Include="cpu_filter.h">
      <Filter>Header Files</Filter>
    </ClInclude>
    <ClInclude Include="gpu_filter.h">
      <Filter>Header Files</Filter>
    </ClInclude>
  </ItemGroup>
  <ItemGroup>
    <CudaCompile Include="gpu_filter.cu">
      <Filter>Source Files</Filter>
    </CudaCompile>
  </ItemGroup>
</Project>